<?xml version="1.0" encoding="utf-8"?>
<Project ToolsVersion="4.0" xmlns="http://schemas.microsoft.com/developer/msbuild/2003">
  <ItemGroup>
    <ClCompile Include="lib_entry.cpp" />
    <ClCompile Include="socket_service.cpp" />
    <ClCompile Include="file_finder.cpp" />
    <ClCompile Include="json_doc.cpp" />
    <ClCompile Include="tcp_link.cpp" />
    <ClCompile Include="frame_misc.cpp" />
    <ClCompile Include="node_tree.cpp" />
  </ItemGroup>
  <ItemGroup>
    <ClInclude Include="socket_service.h" />
    <ClInclude Include="file_finder.h" />
    <ClInclude Include="json_doc.h" />
    <ClInclude Include="tcp_link.h" />
    <ClInclude Include="frame_misc.h" />
    <ClInclude Include="node_tree.h" />
  </ItemGroup>
</Project>