<?xml version="1.0" encoding="utf-8"?>
<Project ToolsVersion="4.0" xmlns="http://schemas.microsoft.com/developer/msbuild/2003">
  <ItemGroup>
    <ClCompile Include="frame_imp.cpp" />
    <ClCompile Include="lib_entry.cpp" />
    <ClCompile Include="script_extend.cpp" />
    <ClCompile Include="script_manager.cpp" />
    <ClCompile Include="script_routine.cpp" />
    <ClCompile Include="script_file.cpp" />
    <ClCompile Include="script_utility.cpp" />
    <ClCompile Include="script_meta.cpp" />
    <ClCompile Include="frame_factory.cpp" />
    <ClCompile Include="frame_objects.cpp" />
    <ClCompile Include="frame_services.cpp" />
    <ClCompile Include="script_pool.cpp" />
    <ClCompile Include="frame_file_access.cpp" />
    <ClCompile Include="frame_object_desc.cpp" />
    <ClCompile Include="frame_object_hook.cpp" />
    <ClCompile Include="..\ext\lua-5.3.6\lapi.c">
      <Filter>lua-5.3.6</Filter>
    </ClCompile>
    <ClCompile Include="..\ext\lua-5.3.6\lauxlib.c">
      <Filter>lua-5.3.6</Filter>
    </ClCompile>
    <ClCompile Include="..\ext\lua-5.3.6\lbaselib.c">
      <Filter>lua-5.3.6</Filter>
    </ClCompile>
    <ClCompile Include="..\ext\lua-5.3.6\lbitlib.c">
      <Filter>lua-5.3.6</Filter>
    </ClCompile>
    <ClCompile Include="..\ext\lua-5.3.6\lcode.c">
      <Filter>lua-5.3.6</Filter>
    </ClCompile>
    <ClCompile Include="..\ext\lua-5.3.6\lcorolib.c">
      <Filter>lua-5.3.6</Filter>
    </ClCompile>
    <ClCompile Include="..\ext\lua-5.3.6\lctype.c">
      <Filter>lua-5.3.6</Filter>
    </ClCompile>
    <ClCompile Include="..\ext\lua-5.3.6\ldblib.c">
      <Filter>lua-5.3.6</Filter>
    </ClCompile>
    <ClCompile Include="..\ext\lua-5.3.6\ldebug.c">
      <Filter>lua-5.3.6</Filter>
    </ClCompile>
    <ClCompile Include="..\ext\lua-5.3.6\ldo.c">
      <Filter>lua-5.3.6</Filter>
    </ClCompile>
    <ClCompile Include="..\ext\lua-5.3.6\ldump.c">
      <Filter>lua-5.3.6</Filter>
    </ClCompile>
    <ClCompile Include="..\ext\lua-5.3.6\lfunc.c">
      <Filter>lua-5.3.6</Filter>
    </ClCompile>
    <ClCompile Include="..\ext\lua-5.3.6\lgc.c">
      <Filter>lua-5.3.6</Filter>
    </ClCompile>
    <ClCompile Include="..\ext\lua-5.3.6\linit.c">
      <Filter>lua-5.3.6</Filter>
    </ClCompile>
    <ClCompile Include="..\ext\lua-5.3.6\liolib.c">
      <Filter>lua-5.3.6</Filter>
    </ClCompile>
    <ClCompile Include="..\ext\lua-5.3.6\llex.c">
      <Filter>lua-5.3.6</Filter>
    </ClCompile>
    <ClCompile Include="..\ext\lua-5.3.6\lmathlib.c">
      <Filter>lua-5.3.6</Filter>
    </ClCompile>
    <ClCompile Include="..\ext\lua-5.3.6\lmem.c">
      <Filter>lua-5.3.6</Filter>
    </ClCompile>
    <ClCompile Include="..\ext\lua-5.3.6\loadlib.c">
      <Filter>lua-5.3.6</Filter>
    </ClCompile>
    <ClCompile Include="..\ext\lua-5.3.6\lobject.c">
      <Filter>lua-5.3.6</Filter>
    </ClCompile>
    <ClCompile Include="..\ext\lua-5.3.6\lopcodes.c">
      <Filter>lua-5.3.6</Filter>
    </ClCompile>
    <ClCompile Include="..\ext\lua-5.3.6\loslib.c">
      <Filter>lua-5.3.6</Filter>
    </ClCompile>
    <ClCompile Include="..\ext\lua-5.3.6\lparser.c">
      <Filter>lua-5.3.6</Filter>
    </ClCompile>
    <ClCompile Include="..\ext\lua-5.3.6\lstate.c">
      <Filter>lua-5.3.6</Filter>
    </ClCompile>
    <ClCompile Include="..\ext\lua-5.3.6\lstring.c">
      <Filter>lua-5.3.6</Filter>
    </ClCompile>
    <ClCompile Include="..\ext\lua-5.3.6\lstrlib.c">
      <Filter>lua-5.3.6</Filter>
    </ClCompile>
    <ClCompile Include="..\ext\lua-5.3.6\ltable.c">
      <Filter>lua-5.3.6</Filter>
    </ClCompile>
    <ClCompile Include="..\ext\lua-5.3.6\ltablib.c">
      <Filter>lua-5.3.6</Filter>
    </ClCompile>
    <ClCompile Include="..\ext\lua-5.3.6\ltm.c">
      <Filter>lua-5.3.6</Filter>
    </ClCompile>
    <ClCompile Include="..\ext\lua-5.3.6\lundump.c">
      <Filter>lua-5.3.6</Filter>
    </ClCompile>
    <ClCompile Include="..\ext\lua-5.3.6\lutf8lib.c">
      <Filter>lua-5.3.6</Filter>
    </ClCompile>
    <ClCompile Include="..\ext\lua-5.3.6\lvm.c">
      <Filter>lua-5.3.6</Filter>
    </ClCompile>
    <ClCompile Include="..\ext\lua-5.3.6\lzio.c">
      <Filter>lua-5.3.6</Filter>
    </ClCompile>
  </ItemGroup>
  <ItemGroup>
    <ClInclude Include="frame_imp.h" />
    <ClInclude Include="script_extend.h" />
    <ClInclude Include="script_manager.h" />
    <ClInclude Include="script_routine.h" />
    <ClInclude Include="script_file.h" />
    <ClInclude Include="frame_inner_mem.h" />
    <ClInclude Include="script_utility.h" />
    <ClInclude Include="script_meta.h" />
    <ClInclude Include="frame_factory.h" />
    <ClInclude Include="frame_objects.h" />
    <ClInclude Include="frame_services.h" />
    <ClInclude Include="script_pool.h" />
    <ClInclude Include="frame_file_access.h" />
    <ClInclude Include="frame_object_desc.h" />
    <ClInclude Include="frame_object_hook.h" />
    <ClInclude Include="frame_data_table.h" />
    <ClInclude Include="..\ext\lua-5.3.6\lapi.h">
      <Filter>lua-5.3.6</Filter>
    </ClInclude>
    <ClInclude Include="..\ext\lua-5.3.6\lauxlib.h">
      <Filter>lua-5.3.6</Filter>
    </ClInclude>
    <ClInclude Include="..\ext\lua-5.3.6\lcode.h">
      <Filter>lua-5.3.6</Filter>
    </ClInclude>
    <ClInclude Include="..\ext\lua-5.3.6\lctype.h">
      <Filter>lua-5.3.6</Filter>
    </ClInclude>
    <ClInclude Include="..\ext\lua-5.3.6\ldebug.h">
      <Filter>lua-5.3.6</Filter>
    </ClInclude>
    <ClInclude Include="..\ext\lua-5.3.6\ldo.h">
      <Filter>lua-5.3.6</Filter>
    </ClInclude>
    <ClInclude Include="..\ext\lua-5.3.6\lfunc.h">
      <Filter>lua-5.3.6</Filter>
    </ClInclude>
    <ClInclude Include="..\ext\lua-5.3.6\lgc.h">
      <Filter>lua-5.3.6</Filter>
    </ClInclude>
    <ClInclude Include="..\ext\lua-5.3.6\llex.h">
      <Filter>lua-5.3.6</Filter>
    </ClInclude>
    <ClInclude Include="..\ext\lua-5.3.6\llimits.h">
      <Filter>lua-5.3.6</Filter>
    </ClInclude>
    <ClInclude Include="..\ext\lua-5.3.6\lmem.h">
      <Filter>lua-5.3.6</Filter>
    </ClInclude>
    <ClInclude Include="..\ext\lua-5.3.6\lobject.h">
      <Filter>lua-5.3.6</Filter>
    </ClInclude>
    <ClInclude Include="..\ext\lua-5.3.6\lopcodes.h">
      <Filter>lua-5.3.6</Filter>
    </ClInclude>
    <ClInclude Include="..\ext\lua-5.3.6\lparser.h">
      <Filter>lua-5.3.6</Filter>
    </ClInclude>
    <ClInclude Include="..\ext\lua-5.3.6\lprefix.h">
      <Filter>lua-5.3.6</Filter>
    </ClInclude>
    <ClInclude Include="..\ext\lua-5.3.6\lstate.h">
      <Filter>lua-5.3.6</Filter>
    </ClInclude>
    <ClInclude Include="..\ext\lua-5.3.6\lstring.h">
      <Filter>lua-5.3.6</Filter>
    </ClInclude>
    <ClInclude Include="..\ext\lua-5.3.6\ltable.h">
      <Filter>lua-5.3.6</Filter>
    </ClInclude>
    <ClInclude Include="..\ext\lua-5.3.6\ltm.h">
      <Filter>lua-5.3.6</Filter>
    </ClInclude>
    <ClInclude Include="..\ext\lua-5.3.6\lua.h">
      <Filter>lua-5.3.6</Filter>
    </ClInclude>
    <ClInclude Include="..\ext\lua-5.3.6\lua.hpp">
      <Filter>lua-5.3.6</Filter>
    </ClInclude>
    <ClInclude Include="..\ext\lua-5.3.6\luaconf.h">
      <Filter>lua-5.3.6</Filter>
    </ClInclude>
    <ClInclude Include="..\ext\lua-5.3.6\lualib.h">
      <Filter>lua-5.3.6</Filter>
    </ClInclude>
    <ClInclude Include="..\ext\lua-5.3.6\lundump.h">
      <Filter>lua-5.3.6</Filter>
    </ClInclude>
    <ClInclude Include="..\ext\lua-5.3.6\lvm.h">
      <Filter>lua-5.3.6</Filter>
    </ClInclude>
    <ClInclude Include="..\ext\lua-5.3.6\lzio.h">
      <Filter>lua-5.3.6</Filter>
    </ClInclude>
  </ItemGroup>
  <ItemGroup>
    <Filter Include="lua-5.3.6">
      <UniqueIdentifier>{69c4d182-7428-4075-8583-b9a92b6c6b08}</UniqueIdentifier>
    </Filter>
  </ItemGroup>
</Project>